PODS:
  - KVOController (1.2.0)
  - Masonry (1.0.2)
  - MJExtension (3.0.15.1)

DEPENDENCIES:
  - KVOController
  - Masonry
  - MJExtension

SPEC REPOS:
  https://github.com/cocoapods/specs.git:
    - KVOController
    - Masonry
    - MJExtension

SPEC CHECKSUMS:
  KVOController: d72ace34afea42468329623b3379ab3cd1d286b6
  Masonry: 7c429b56da9d4ee0bbb3ed77a5ea710d6a5df39e
  MJExtension: 19bc33ce2eee2d319760f5622562cf581a6ff756

PODFILE CHECKSUM: 4c339d2170dabdb62d78447c3e46d06ce767365a

COCOAPODS: 1.5.3
