// !$*UTF8*$!
{
	archiveVersion = 1;
	classes = {
	};
	objectVersion = 46;
	objects = {

/* Begin PBXBuildFile section */
		3B5D5BC21F5F10A100C0E68B /* main.m in Sources */ = {isa = PBXBuildFile; fileRef = 3B5D5BC11F5F10A100C0E68B /* main.m */; };
		3B5D5BC51F5F10A100C0E68B /* AppDelegate.m in Sources */ = {isa = PBXBuildFile; fileRef = 3B5D5BC41F5F10A100C0E68B /* AppDelegate.m */; };
		3B5D5BC81F5F10A100C0E68B /* ViewController.m in Sources */ = {isa = PBXBuildFile; fileRef = 3B5D5BC71F5F10A100C0E68B /* ViewController.m */; };
		3B5D5BCB1F5F10A100C0E68B /* Main.storyboard in Resources */ = {isa = PBXBuildFile; fileRef = 3B5D5BC91F5F10A100C0E68B /* Main.storyboard */; };
		3B5D5BCD1F5F10A100C0E68B /* Assets.xcassets in Resources */ = {isa = PBXBuildFile; fileRef = 3B5D5BCC1F5F10A100C0E68B /* Assets.xcassets */; };
		3B5D5BD01F5F10A100C0E68B /* LaunchScreen.storyboard in Resources */ = {isa = PBXBuildFile; fileRef = 3B5D5BCE1F5F10A100C0E68B /* LaunchScreen.storyboard */; };
		7B9E8494F47D207246BA9CFC /* libPods-AbuKlineView.a in Frameworks */ = {isa = PBXBuildFile; fileRef = 6B945EAE9C2DE1399B9A393E /* libPods-AbuKlineView.a */; };
		8409CE3B215CC5380006538D /* KlineFramework.framework in Frameworks */ = {isa = PBXBuildFile; fileRef = 8409CE3A215CC5380006538D /* KlineFramework.framework */; };
		840AC4E4212D759D00F22AB0 /* stock15.json in Resources */ = {isa = PBXBuildFile; fileRef = 840AC4E0212D759D00F22AB0 /* stock15.json */; };
		840AC4E5212D759D00F22AB0 /* stock30.json in Resources */ = {isa = PBXBuildFile; fileRef = 840AC4E1212D759D00F22AB0 /* stock30.json */; };
		840AC4E6212D759D00F22AB0 /* stock5.json in Resources */ = {isa = PBXBuildFile; fileRef = 840AC4E2212D759D00F22AB0 /* stock5.json */; };
		840AC4E7212D759D00F22AB0 /* stock60.json in Resources */ = {isa = PBXBuildFile; fileRef = 840AC4E3212D759D00F22AB0 /* stock60.json */; };
		840AC4E9212D768900F22AB0 /* stockDay.json in Resources */ = {isa = PBXBuildFile; fileRef = 840AC4E8212D768900F22AB0 /* stockDay.json */; };
		843E01452133D98A0089D196 /* BaseViewController.m in Sources */ = {isa = PBXBuildFile; fileRef = 843E01432133D98A0089D196 /* BaseViewController.m */; };
		84A6C6631FCED0660094FDA5 /* stock1.json in Resources */ = {isa = PBXBuildFile; fileRef = 84A6C6621FCED0660094FDA5 /* stock1.json */; };
/* End PBXBuildFile section */

/* Begin PBXFileReference section */
		2CCCFDA06431F3179229CD43 /* Pods-AbuKlineView.debug.xcconfig */ = {isa = PBXFileReference; includeInIndex = 1; lastKnownFileType = text.xcconfig; name = "Pods-AbuKlineView.debug.xcconfig"; path = "Pods/Target Support Files/Pods-AbuKlineView/Pods-AbuKlineView.debug.xcconfig"; sourceTree = "<group>"; };
		3B5D5BBD1F5F10A100C0E68B /* AbuKlineView.app */ = {isa = PBXFileReference; explicitFileType = wrapper.application; includeInIndex = 0; path = AbuKlineView.app; sourceTree = BUILT_PRODUCTS_DIR; };
		3B5D5BC11F5F10A100C0E68B /* main.m */ = {isa = PBXFileReference; lastKnownFileType = sourcecode.c.objc; path = main.m; sourceTree = "<group>"; };
		3B5D5BC31F5F10A100C0E68B /* AppDelegate.h */ = {isa = PBXFileReference; lastKnownFileType = sourcecode.c.h; path = AppDelegate.h; sourceTree = "<group>"; };
		3B5D5BC41F5F10A100C0E68B /* AppDelegate.m */ = {isa = PBXFileReference; lastKnownFileType = sourcecode.c.objc; path = AppDelegate.m; sourceTree = "<group>"; };
		3B5D5BC61F5F10A100C0E68B /* ViewController.h */ = {isa = PBXFileReference; lastKnownFileType = sourcecode.c.h; path = ViewController.h; sourceTree = "<group>"; };
		3B5D5BC71F5F10A100C0E68B /* ViewController.m */ = {isa = PBXFileReference; lastKnownFileType = sourcecode.c.objc; path = ViewController.m; sourceTree = "<group>"; };
		3B5D5BCA1F5F10A100C0E68B /* Base */ = {isa = PBXFileReference; lastKnownFileType = file.storyboard; name = Base; path = Base.lproj/Main.storyboard; sourceTree = "<group>"; };
		3B5D5BCC1F5F10A100C0E68B /* Assets.xcassets */ = {isa = PBXFileReference; lastKnownFileType = folder.assetcatalog; path = Assets.xcassets; sourceTree = "<group>"; };
		3B5D5BCF1F5F10A100C0E68B /* Base */ = {isa = PBXFileReference; lastKnownFileType = file.storyboard; name = Base; path = Base.lproj/LaunchScreen.storyboard; sourceTree = "<group>"; };
		3B5D5BD11F5F10A100C0E68B /* Info.plist */ = {isa = PBXFileReference; lastKnownFileType = text.plist.xml; path = Info.plist; sourceTree = "<group>"; };
		6B945EAE9C2DE1399B9A393E /* libPods-AbuKlineView.a */ = {isa = PBXFileReference; explicitFileType = archive.ar; includeInIndex = 0; path = "libPods-AbuKlineView.a"; sourceTree = BUILT_PRODUCTS_DIR; };
		8409CE3A215CC5380006538D /* KlineFramework.framework */ = {isa = PBXFileReference; lastKnownFileType = wrapper.framework; path = KlineFramework.framework; sourceTree = "<group>"; };
		840AC4E0212D759D00F22AB0 /* stock15.json */ = {isa = PBXFileReference; fileEncoding = 4; lastKnownFileType = text.json; path = stock15.json; sourceTree = "<group>"; };
		840AC4E1212D759D00F22AB0 /* stock30.json */ = {isa = PBXFileReference; fileEncoding = 4; lastKnownFileType = text.json; path = stock30.json; sourceTree = "<group>"; };
		840AC4E2212D759D00F22AB0 /* stock5.json */ = {isa = PBXFileReference; fileEncoding = 4; lastKnownFileType = text.json; path = stock5.json; sourceTree = "<group>"; };
		840AC4E3212D759D00F22AB0 /* stock60.json */ = {isa = PBXFileReference; fileEncoding = 4; lastKnownFileType = text.json; path = stock60.json; sourceTree = "<group>"; };
		840AC4E8212D768900F22AB0 /* stockDay.json */ = {isa = PBXFileReference; fileEncoding = 4; lastKnownFileType = text.json; path = stockDay.json; sourceTree = "<group>"; };
		843E01432133D98A0089D196 /* BaseViewController.m */ = {isa = PBXFileReference; fileEncoding = 4; lastKnownFileType = sourcecode.c.objc; path = BaseViewController.m; sourceTree = "<group>"; };
		843E01442133D98A0089D196 /* BaseViewController.h */ = {isa = PBXFileReference; fileEncoding = 4; lastKnownFileType = sourcecode.c.h; path = BaseViewController.h; sourceTree = "<group>"; };
		84A6C6621FCED0660094FDA5 /* stock1.json */ = {isa = PBXFileReference; fileEncoding = 4; lastKnownFileType = text.json; path = stock1.json; sourceTree = "<group>"; };
		BB62F47A80B624362DDD64EB /* Pods-AbuKlineView.release.xcconfig */ = {isa = PBXFileReference; includeInIndex = 1; lastKnownFileType = text.xcconfig; name = "Pods-AbuKlineView.release.xcconfig"; path = "Pods/Target Support Files/Pods-AbuKlineView/Pods-AbuKlineView.release.xcconfig"; sourceTree = "<group>"; };
/* End PBXFileReference section */

/* Begin PBXFrameworksBuildPhase section */
		3B5D5BBA1F5F10A100C0E68B /* Frameworks */ = {
			isa = PBXFrameworksBuildPhase;
			buildActionMask = 2147483647;
			files = (
				7B9E8494F47D207246BA9CFC /* libPods-AbuKlineView.a in Frameworks */,
				8409CE3B215CC5380006538D /* KlineFramework.framework in Frameworks */,
			);
			runOnlyForDeploymentPostprocessing = 0;
		};
/* End PBXFrameworksBuildPhase section */

/* Begin PBXGroup section */
		3B5D5BB41F5F10A100C0E68B = {
			isa = PBXGroup;
			children = (
				3B5D5BBF1F5F10A100C0E68B /* AbuKlineView */,
				3B5D5BBE1F5F10A100C0E68B /* Products */,
				E72041AE25B125B33B20953D /* Pods */,
				54E184B437465506C13083D9 /* Frameworks */,
			);
			sourceTree = "<group>";
		};
		3B5D5BBE1F5F10A100C0E68B /* Products */ = {
			isa = PBXGroup;
			children = (
				3B5D5BBD1F5F10A100C0E68B /* AbuKlineView.app */,
			);
			name = Products;
			sourceTree = "<group>";
		};
		3B5D5BBF1F5F10A100C0E68B /* AbuKlineView */ = {
			isa = PBXGroup;
			children = (
				8409CE3A215CC5380006538D /* KlineFramework.framework */,
				3B5D5BC31F5F10A100C0E68B /* AppDelegate.h */,
				3B5D5BC41F5F10A100C0E68B /* AppDelegate.m */,
				3B5D5BC61F5F10A100C0E68B /* ViewController.h */,
				3B5D5BC71F5F10A100C0E68B /* ViewController.m */,
				843E01442133D98A0089D196 /* BaseViewController.h */,
				843E01432133D98A0089D196 /* BaseViewController.m */,
				84A6C6621FCED0660094FDA5 /* stock1.json */,
				840AC4E2212D759D00F22AB0 /* stock5.json */,
				840AC4E0212D759D00F22AB0 /* stock15.json */,
				840AC4E1212D759D00F22AB0 /* stock30.json */,
				840AC4E3212D759D00F22AB0 /* stock60.json */,
				840AC4E8212D768900F22AB0 /* stockDay.json */,
				3B5D5BC91F5F10A100C0E68B /* Main.storyboard */,
				3B5D5BCC1F5F10A100C0E68B /* Assets.xcassets */,
				3B5D5BCE1F5F10A100C0E68B /* LaunchScreen.storyboard */,
				3B5D5BD11F5F10A100C0E68B /* Info.plist */,
				3B5D5BC01F5F10A100C0E68B /* Supporting Files */,
			);
			path = AbuKlineView;
			sourceTree = "<group>";
		};
		3B5D5BC01F5F10A100C0E68B /* Supporting Files */ = {
			isa = PBXGroup;
			children = (
				3B5D5BC11F5F10A100C0E68B /* main.m */,
			);
			name = "Supporting Files";
			sourceTree = "<group>";
		};
		54E184B437465506C13083D9 /* Frameworks */ = {
			isa = PBXGroup;
			children = (
				6B945EAE9C2DE1399B9A393E /* libPods-AbuKlineView.a */,
			);
			name = Frameworks;
			sourceTree = "<group>";
		};
		E72041AE25B125B33B20953D /* Pods */ = {
			isa = PBXGroup;
			children = (
				2CCCFDA06431F3179229CD43 /* Pods-AbuKlineView.debug.xcconfig */,
				BB62F47A80B624362DDD64EB /* Pods-AbuKlineView.release.xcconfig */,
			);
			name = Pods;
			sourceTree = "<group>";
		};
/* End PBXGroup section */

/* Begin PBXNativeTarget section */
		3B5D5BBC1F5F10A100C0E68B /* AbuKlineView */ = {
			isa = PBXNativeTarget;
			buildConfigurationList = 3B5D5BD41F5F10A100C0E68B /* Build configuration list for PBXNativeTarget "AbuKlineView" */;
			buildPhases = (
				3195D9E0AFF8B70A1E41CDC0 /* [CP] Check Pods Manifest.lock */,
				4CD49FED94D9638C64A07B06 /* 📦 Check Pods Manifest.lock */,
				3B5D5BB91F5F10A100C0E68B /* Sources */,
				3B5D5BBA1F5F10A100C0E68B /* Frameworks */,
				3B5D5BBB1F5F10A100C0E68B /* Resources */,
			);
			buildRules = (
			);
			dependencies = (
			);
			name = AbuKlineView;
			productName = AbuKlineView;
			productReference = 3B5D5BBD1F5F10A100C0E68B /* AbuKlineView.app */;
			productType = "com.apple.product-type.application";
		};
/* End PBXNativeTarget section */

/* Begin PBXProject section */
		3B5D5BB51F5F10A100C0E68B /* Project object */ = {
			isa = PBXProject;
			attributes = {
				LastUpgradeCheck = 0820;
				ORGANIZATIONNAME = "阿布";
				TargetAttributes = {
					3B5D5BBC1F5F10A100C0E68B = {
						CreatedOnToolsVersion = 8.2;
						DevelopmentTeam = 8F98XW2S56;
						ProvisioningStyle = Automatic;
					};
				};
			};
			buildConfigurationList = 3B5D5BB81F5F10A100C0E68B /* Build configuration list for PBXProject "AbuKlineView" */;
			compatibilityVersion = "Xcode 3.2";
			developmentRegion = English;
			hasScannedForEncodings = 0;
			knownRegions = (
				en,
				Base,
			);
			mainGroup = 3B5D5BB41F5F10A100C0E68B;
			productRefGroup = 3B5D5BBE1F5F10A100C0E68B /* Products */;
			projectDirPath = "";
			projectRoot = "";
			targets = (
				3B5D5BBC1F5F10A100C0E68B /* AbuKlineView */,
			);
		};
/* End PBXProject section */

/* Begin PBXResourcesBuildPhase section */
		3B5D5BBB1F5F10A100C0E68B /* Resources */ = {
			isa = PBXResourcesBuildPhase;
			buildActionMask = 2147483647;
			files = (
				840AC4E6212D759D00F22AB0 /* stock5.json in Resources */,
				84A6C6631FCED0660094FDA5 /* stock1.json in Resources */,
				840AC4E4212D759D00F22AB0 /* stock15.json in Resources */,
				3B5D5BD01F5F10A100C0E68B /* LaunchScreen.storyboard in Resources */,
				840AC4E5212D759D00F22AB0 /* stock30.json in Resources */,
				840AC4E9212D768900F22AB0 /* stockDay.json in Resources */,
				3B5D5BCD1F5F10A100C0E68B /* Assets.xcassets in Resources */,
				840AC4E7212D759D00F22AB0 /* stock60.json in Resources */,
				3B5D5BCB1F5F10A100C0E68B /* Main.storyboard in Resources */,
			);
			runOnlyForDeploymentPostprocessing = 0;
		};
/* End PBXResourcesBuildPhase section */

/* Begin PBXShellScriptBuildPhase section */
		3195D9E0AFF8B70A1E41CDC0 /* [CP] Check Pods Manifest.lock */ = {
			isa = PBXShellScriptBuildPhase;
			buildActionMask = 2147483647;
			files = (
			);
			inputPaths = (
				"${PODS_PODFILE_DIR_PATH}/Podfile.lock",
				"${PODS_ROOT}/Manifest.lock",
			);
			name = "[CP] Check Pods Manifest.lock";
			outputPaths = (
				"$(DERIVED_FILE_DIR)/Pods-AbuKlineView-checkManifestLockResult.txt",
			);
			runOnlyForDeploymentPostprocessing = 0;
			shellPath = /bin/sh;
			shellScript = "diff \"${PODS_PODFILE_DIR_PATH}/Podfile.lock\" \"${PODS_ROOT}/Manifest.lock\" > /dev/null\nif [ $? != 0 ] ; then\n    # print error to STDERR\n    echo \"error: The sandbox is not in sync with the Podfile.lock. Run 'pod install' or update your CocoaPods installation.\" >&2\n    exit 1\nfi\n# This output is used by Xcode 'outputs' to avoid re-running this script phase.\necho \"SUCCESS\" > \"${SCRIPT_OUTPUT_FILE_0}\"\n";
			showEnvVarsInLog = 0;
		};
		4CD49FED94D9638C64A07B06 /* 📦 Check Pods Manifest.lock */ = {
			isa = PBXShellScriptBuildPhase;
			buildActionMask = 2147483647;
			files = (
			);
			inputPaths = (
			);
			name = "📦 Check Pods Manifest.lock";
			outputPaths = (
			);
			runOnlyForDeploymentPostprocessing = 0;
			shellPath = /bin/sh;
			shellScript = "diff \"${PODS_ROOT}/../Podfile.lock\" \"${PODS_ROOT}/Manifest.lock\" > /dev/null\nif [[ $? != 0 ]] ; then\n    cat << EOM\nerror: The sandbox is not in sync with the Podfile.lock. Run 'pod install' or update your CocoaPods installation.\nEOM\n    exit 1\nfi\n";
			showEnvVarsInLog = 0;
		};
/* End PBXShellScriptBuildPhase section */

/* Begin PBXSourcesBuildPhase section */
		3B5D5BB91F5F10A100C0E68B /* Sources */ = {
			isa = PBXSourcesBuildPhase;
			buildActionMask = 2147483647;
			files = (
				843E01452133D98A0089D196 /* BaseViewController.m in Sources */,
				3B5D5BC81F5F10A100C0E68B /* ViewController.m in Sources */,
				3B5D5BC51F5F10A100C0E68B /* AppDelegate.m in Sources */,
				3B5D5BC21F5F10A100C0E68B /* main.m in Sources */,
			);
			runOnlyForDeploymentPostprocessing = 0;
		};
/* End PBXSourcesBuildPhase section */

/* Begin PBXVariantGroup section */
		3B5D5BC91F5F10A100C0E68B /* Main.storyboard */ = {
			isa = PBXVariantGroup;
			children = (
				3B5D5BCA1F5F10A100C0E68B /* Base */,
			);
			name = Main.storyboard;
			sourceTree = "<group>";
		};
		3B5D5BCE1F5F10A100C0E68B /* LaunchScreen.storyboard */ = {
			isa = PBXVariantGroup;
			children = (
				3B5D5BCF1F5F10A100C0E68B /* Base */,
			);
			name = LaunchScreen.storyboard;
			sourceTree = "<group>";
		};
/* End PBXVariantGroup section */

/* Begin XCBuildConfiguration section */
		3B5D5BD21F5F10A100C0E68B /* Debug */ = {
			isa = XCBuildConfiguration;
			buildSettings = {
				ALWAYS_SEARCH_USER_PATHS = NO;
				CLANG_ANALYZER_NONNULL = YES;
				CLANG_CXX_LANGUAGE_STANDARD = "gnu++0x";
				CLANG_CXX_LIBRARY = "libc++";
				CLANG_ENABLE_MODULES = YES;
				CLANG_ENABLE_OBJC_ARC = YES;
				CLANG_WARN_BOOL_CONVERSION = YES;
				CLANG_WARN_CONSTANT_CONVERSION = YES;
				CLANG_WARN_DIRECT_OBJC_ISA_USAGE = YES_ERROR;
				CLANG_WARN_DOCUMENTATION_COMMENTS = YES;
				CLANG_WARN_EMPTY_BODY = YES;
				CLANG_WARN_ENUM_CONVERSION = YES;
				CLANG_WARN_INFINITE_RECURSION = YES;
				CLANG_WARN_INT_CONVERSION = YES;
				CLANG_WARN_OBJC_ROOT_CLASS = YES_ERROR;
				CLANG_WARN_SUSPICIOUS_MOVE = YES;
				CLANG_WARN_UNREACHABLE_CODE = YES;
				CLANG_WARN__DUPLICATE_METHOD_MATCH = YES;
				"CODE_SIGN_IDENTITY[sdk=iphoneos*]" = "iPhone Developer";
				COPY_PHASE_STRIP = NO;
				DEBUG_INFORMATION_FORMAT = dwarf;
				ENABLE_STRICT_OBJC_MSGSEND = YES;
				ENABLE_TESTABILITY = YES;
				GCC_C_LANGUAGE_STANDARD = gnu99;
				GCC_DYNAMIC_NO_PIC = NO;
				GCC_NO_COMMON_BLOCKS = YES;
				GCC_OPTIMIZATION_LEVEL = 0;
				GCC_PREPROCESSOR_DEFINITIONS = (
					"DEBUG=1",
					"$(inherited)",
				);
				GCC_WARN_64_TO_32_BIT_CONVERSION = YES;
				GCC_WARN_ABOUT_RETURN_TYPE = YES_ERROR;
				GCC_WARN_UNDECLARED_SELECTOR = YES;
				GCC_WARN_UNINITIALIZED_AUTOS = YES_AGGRESSIVE;
				GCC_WARN_UNUSED_FUNCTION = YES;
				GCC_WARN_UNUSED_VARIABLE = YES;
				IPHONEOS_DEPLOYMENT_TARGET = 10.2;
				MTL_ENABLE_DEBUG_INFO = YES;
				ONLY_ACTIVE_ARCH = YES;
				SDKROOT = iphoneos;
			};
			name = Debug;
		};
		3B5D5BD31F5F10A100C0E68B /* Release */ = {
			isa = XCBuildConfiguration;
			buildSettings = {
				ALWAYS_SEARCH_USER_PATHS = NO;
				CLANG_ANALYZER_NONNULL = YES;
				CLANG_CXX_LANGUAGE_STANDARD = "gnu++0x";
				CLANG_CXX_LIBRARY = "libc++";
				CLANG_ENABLE_MODULES = YES;
				CLANG_ENABLE_OBJC_ARC = YES;
				CLANG_WARN_BOOL_CONVERSION = YES;
				CLANG_WARN_CONSTANT_CONVERSION = YES;
				CLANG_WARN_DIRECT_OBJC_ISA_USAGE = YES_ERROR;
				CLANG_WARN_DOCUMENTATION_COMMENTS = YES;
				CLANG_WARN_EMPTY_BODY = YES;
				CLANG_WARN_ENUM_CONVERSION = YES;
				CLANG_WARN_INFINITE_RECURSION = YES;
				CLANG_WARN_INT_CONVERSION = YES;
				CLANG_WARN_OBJC_ROOT_CLASS = YES_ERROR;
				CLANG_WARN_SUSPICIOUS_MOVE = YES;
				CLANG_WARN_UNREACHABLE_CODE = YES;
				CLANG_WARN__DUPLICATE_METHOD_MATCH = YES;
				"CODE_SIGN_IDENTITY[sdk=iphoneos*]" = "iPhone Developer";
				COPY_PHASE_STRIP = NO;
				DEBUG_INFORMATION_FORMAT = "dwarf-with-dsym";
				ENABLE_NS_ASSERTIONS = NO;
				ENABLE_STRICT_OBJC_MSGSEND = YES;
				GCC_C_LANGUAGE_STANDARD = gnu99;
				GCC_NO_COMMON_BLOCKS = YES;
				GCC_WARN_64_TO_32_BIT_CONVERSION = YES;
				GCC_WARN_ABOUT_RETURN_TYPE = YES_ERROR;
				GCC_WARN_UNDECLARED_SELECTOR = YES;
				GCC_WARN_UNINITIALIZED_AUTOS = YES_AGGRESSIVE;
				GCC_WARN_UNUSED_FUNCTION = YES;
				GCC_WARN_UNUSED_VARIABLE = YES;
				IPHONEOS_DEPLOYMENT_TARGET = 10.2;
				MTL_ENABLE_DEBUG_INFO = NO;
				SDKROOT = iphoneos;
				VALIDATE_PRODUCT = YES;
			};
			name = Release;
		};
		3B5D5BD51F5F10A100C0E68B /* Debug */ = {
			isa = XCBuildConfiguration;
			baseConfigurationReference = 2CCCFDA06431F3179229CD43 /* Pods-AbuKlineView.debug.xcconfig */;
			buildSettings = {
				ASSETCATALOG_COMPILER_APPICON_NAME = AppIcon;
				DEVELOPMENT_TEAM = 8F98XW2S56;
				FRAMEWORK_SEARCH_PATHS = (
					"$(inherited)",
					"$(PROJECT_DIR)/AbuKlineView",
				);
				GCC_PREFIX_HEADER = "";
				INFOPLIST_FILE = AbuKlineView/Info.plist;
				IPHONEOS_DEPLOYMENT_TARGET = 8.0;
				LD_RUNPATH_SEARCH_PATHS = "$(inherited) @executable_path/Frameworks";
				OTHER_LDFLAGS = "-ObjC";
				PRODUCT_BUNDLE_IDENTIFIER = com.aicai.AbuKlineView1;
				PRODUCT_NAME = "$(TARGET_NAME)";
			};
			name = Debug;
		};
		3B5D5BD61F5F10A100C0E68B /* Release */ = {
			isa = XCBuildConfiguration;
			baseConfigurationReference = BB62F47A80B624362DDD64EB /* Pods-AbuKlineView.release.xcconfig */;
			buildSettings = {
				ASSETCATALOG_COMPILER_APPICON_NAME = AppIcon;
				DEVELOPMENT_TEAM = 8F98XW2S56;
				FRAMEWORK_SEARCH_PATHS = (
					"$(inherited)",
					"$(PROJECT_DIR)/AbuKlineView",
				);
				GCC_PREFIX_HEADER = "";
				INFOPLIST_FILE = AbuKlineView/Info.plist;
				IPHONEOS_DEPLOYMENT_TARGET = 8.0;
				LD_RUNPATH_SEARCH_PATHS = "$(inherited) @executable_path/Frameworks";
				OTHER_LDFLAGS = "-ObjC";
				PRODUCT_BUNDLE_IDENTIFIER = com.aicai.AbuKlineView1;
				PRODUCT_NAME = "$(TARGET_NAME)";
			};
			name = Release;
		};
/* End XCBuildConfiguration section */

/* Begin XCConfigurationList section */
		3B5D5BB81F5F10A100C0E68B /* Build configuration list for PBXProject "AbuKlineView" */ = {
			isa = XCConfigurationList;
			buildConfigurations = (
				3B5D5BD21F5F10A100C0E68B /* Debug */,
				3B5D5BD31F5F10A100C0E68B /* Release */,
			);
			defaultConfigurationIsVisible = 0;
			defaultConfigurationName = Release;
		};
		3B5D5BD41F5F10A100C0E68B /* Build configuration list for PBXNativeTarget "AbuKlineView" */ = {
			isa = XCConfigurationList;
			buildConfigurations = (
				3B5D5BD51F5F10A100C0E68B /* Debug */,
				3B5D5BD61F5F10A100C0E68B /* Release */,
			);
			defaultConfigurationIsVisible = 0;
			defaultConfigurationName = Release;
		};
/* End XCConfigurationList section */
	};
	rootObject = 3B5D5BB51F5F10A100C0E68B /* Project object */;
}
